
Microsoft Visual Studio Solution File, Format Version 12.00
# Visual Studio 2013
VisualStudioVersion = 12.0.30110.0
MinimumVisualStudioVersion = 10.0.40219.1
Project("{FAE04EC0-301F-11D3-BF4B-00C04F79EFBC}") = "StirTrekApp", "StirTrekApp\StirTrekApp.csproj", "{03F0894E-2E10-43A2-80A2-23BC4215E2E6}"
EndProject
Project("{FAE04EC0-301F-11D3-BF4B-00C04F79EFBC}") = "StirTrekWPDomain", "StirTrekWPDomain\StirTrekWPDomain.csproj", "{9B39C9B2-CB92-4F59-B317-5738BA837C2B}"
EndProject
Global
	GlobalSection(SolutionConfigurationPlatforms) = preSolution
		Debug|Any CPU = Debug|Any CPU
		Debug|ARM = Debug|ARM
		Debug|x86 = Debug|x86
		Release|Any CPU = Release|Any CPU
		Release|ARM = Release|ARM
		Release|x86 = Release|x86
	EndGlobalSection
	GlobalSection(ProjectConfigurationPlatforms) = postSolution
		{03F0894E-2E10-43A2-80A2-23BC4215E2E6}.Debug|Any CPU.ActiveCfg = Debug|Any CPU
		{03F0894E-2E10-43A2-80A2-23BC4215E2E6}.Debug|Any CPU.Build.0 = Debug|Any CPU
		{03F0894E-2E10-43A2-80A2-23BC4215E2E6}.Debug|Any CPU.Deploy.0 = Debug|Any CPU
		{03F0894E-2E10-43A2-80A2-23BC4215E2E6}.Debug|ARM.ActiveCfg = Debug|ARM
		{03F0894E-2E10-43A2-80A2-23BC4215E2E6}.Debug|ARM.Build.0 = Debug|ARM
		{03F0894E-2E10-43A2-80A2-23BC4215E2E6}.Debug|ARM.Deploy.0 = Debug|ARM
		{03F0894E-2E10-43A2-80A2-23BC4215E2E6}.Debug|x86.ActiveCfg = Debug|x86
		{03F0894E-2E10-43A2-80A2-23BC4215E2E6}.Debug|x86.Build.0 = Debug|x86
		{03F0894E-2E10-43A2-80A2-23BC4215E2E6}.Debug|x86.Deploy.0 = Debug|x86
		{03F0894E-2E10-43A2-80A2-23BC4215E2E6}.Release|Any CPU.ActiveCfg = Release|Any CPU
		{03F0894E-2E10-43A2-80A2-23BC4215E2E6}.Release|Any CPU.Build.0 = Release|Any CPU
		{03F0894E-2E10-43A2-80A2-23BC4215E2E6}.Release|Any CPU.Deploy.0 = Release|Any CPU
		{03F0894E-2E10-43A2-80A2-23BC4215E2E6}.Release|ARM.ActiveCfg = Release|ARM
		{03F0894E-2E10-43A2-80A2-23BC4215E2E6}.Release|ARM.Build.0 = Release|ARM
		{03F0894E-2E10-43A2-80A2-23BC4215E2E6}.Release|ARM.Deploy.0 = Release|ARM
		{03F0894E-2E10-43A2-80A2-23BC4215E2E6}.Release|x86.ActiveCfg = Release|x86
		{03F0894E-2E10-43A2-80A2-23BC4215E2E6}.Release|x86.Build.0 = Release|x86
		{03F0894E-2E10-43A2-80A2-23BC4215E2E6}.Release|x86.Deploy.0 = Release|x86
		{9B39C9B2-CB92-4F59-B317-5738BA837C2B}.Debug|Any CPU.ActiveCfg = Debug|Any CPU
		{9B39C9B2-CB92-4F59-B317-5738BA837C2B}.Debug|Any CPU.Build.0 = Debug|Any CPU
		{9B39C9B2-CB92-4F59-B317-5738BA837C2B}.Debug|ARM.ActiveCfg = Debug|Any CPU
		{9B39C9B2-CB92-4F59-B317-5738BA837C2B}.Debug|x86.ActiveCfg = Debug|Any CPU
		{9B39C9B2-CB92-4F59-B317-5738BA837C2B}.Release|Any CPU.ActiveCfg = Release|Any CPU
		{9B39C9B2-CB92-4F59-B317-5738BA837C2B}.Release|Any CPU.Build.0 = Release|Any CPU
		{9B39C9B2-CB92-4F59-B317-5738BA837C2B}.Release|ARM.ActiveCfg = Release|Any CPU
		{9B39C9B2-CB92-4F59-B317-5738BA837C2B}.Release|x86.ActiveCfg = Release|Any CPU
	EndGlobalSection
	GlobalSection(SolutionProperties) = preSolution
		HideSolutionNode = FALSE
	EndGlobalSection
EndGlobal
