
Microsoft Visual Studio Solution File, Format Version 12.00
# Visual Studio 2013
VisualStudioVersion = 12.0.30110.0
MinimumVisualStudioVersion = 10.0.40219.1
Project("{FAE04EC0-301F-11D3-BF4B-00C04F79EFBC}") = "StirTrekConf.Core", "StirTrekConf.Core\StirTrekConf.Core.csproj", "{38F9AFE2-6A51-4CB9-96FF-9D5ACFF83D44}"
EndProject
Project("{FAE04EC0-301F-11D3-BF4B-00C04F79EFBC}") = "StirTrekConf.Core.Tests", "StirTrekConf.Core.Tests\StirTrekConf.Core.Tests.csproj", "{0A18A60F-661F-435C-B056-042C00A654EB}"
EndProject
Project("{FAE04EC0-301F-11D3-BF4B-00C04F79EFBC}") = "StirTrekConf.WP", "StirTrekConf.WP\StirTrekConf.WP.csproj", "{32E98ABD-8F6E-456D-A44E-1A298F67F4A3}"
EndProject
Project("{FAE04EC0-301F-11D3-BF4B-00C04F79EFBC}") = "StirTrekConf.Win", "StirTrekConf.Win\StirTrekConf.Win.csproj", "{03F1A598-974E-412E-A98F-76EF76996B00}"
EndProject
Project("{FAE04EC0-301F-11D3-BF4B-00C04F79EFBC}") = "StirTrekConf.Android", "StirTrekConf.Android\StirTrekConf.Android.csproj", "{43B3C7F4-A658-4692-B1D1-DFD0D0051FA8}"
EndProject
Project("{2150E333-8FDC-42A3-9474-1A3956D46DE8}") = "CoreLogic", "CoreLogic", "{1497EA35-5CCF-4699-BB62-72AD3C1E4E14}"
EndProject
Global
	GlobalSection(SolutionConfigurationPlatforms) = preSolution
		Debug|Any CPU = Debug|Any CPU
		Debug|ARM = Debug|ARM
		Debug|x64 = Debug|x64
		Debug|x86 = Debug|x86
		Release|Any CPU = Release|Any CPU
		Release|ARM = Release|ARM
		Release|x64 = Release|x64
		Release|x86 = Release|x86
	EndGlobalSection
	GlobalSection(ProjectConfigurationPlatforms) = postSolution
		{38F9AFE2-6A51-4CB9-96FF-9D5ACFF83D44}.Debug|Any CPU.ActiveCfg = Debug|Any CPU
		{38F9AFE2-6A51-4CB9-96FF-9D5ACFF83D44}.Debug|Any CPU.Build.0 = Debug|Any CPU
		{38F9AFE2-6A51-4CB9-96FF-9D5ACFF83D44}.Debug|ARM.ActiveCfg = Debug|Any CPU
		{38F9AFE2-6A51-4CB9-96FF-9D5ACFF83D44}.Debug|x64.ActiveCfg = Debug|Any CPU
		{38F9AFE2-6A51-4CB9-96FF-9D5ACFF83D44}.Debug|x86.ActiveCfg = Debug|Any CPU
		{38F9AFE2-6A51-4CB9-96FF-9D5ACFF83D44}.Release|Any CPU.ActiveCfg = Release|Any CPU
		{38F9AFE2-6A51-4CB9-96FF-9D5ACFF83D44}.Release|Any CPU.Build.0 = Release|Any CPU
		{38F9AFE2-6A51-4CB9-96FF-9D5ACFF83D44}.Release|ARM.ActiveCfg = Release|Any CPU
		{38F9AFE2-6A51-4CB9-96FF-9D5ACFF83D44}.Release|x64.ActiveCfg = Release|Any CPU
		{38F9AFE2-6A51-4CB9-96FF-9D5ACFF83D44}.Release|x86.ActiveCfg = Release|Any CPU
		{0A18A60F-661F-435C-B056-042C00A654EB}.Debug|Any CPU.ActiveCfg = Debug|Any CPU
		{0A18A60F-661F-435C-B056-042C00A654EB}.Debug|Any CPU.Build.0 = Debug|Any CPU
		{0A18A60F-661F-435C-B056-042C00A654EB}.Debug|ARM.ActiveCfg = Debug|Any CPU
		{0A18A60F-661F-435C-B056-042C00A654EB}.Debug|x64.ActiveCfg = Debug|Any CPU
		{0A18A60F-661F-435C-B056-042C00A654EB}.Debug|x86.ActiveCfg = Debug|Any CPU
		{0A18A60F-661F-435C-B056-042C00A654EB}.Release|Any CPU.ActiveCfg = Release|Any CPU
		{0A18A60F-661F-435C-B056-042C00A654EB}.Release|Any CPU.Build.0 = Release|Any CPU
		{0A18A60F-661F-435C-B056-042C00A654EB}.Release|ARM.ActiveCfg = Release|Any CPU
		{0A18A60F-661F-435C-B056-042C00A654EB}.Release|x64.ActiveCfg = Release|Any CPU
		{0A18A60F-661F-435C-B056-042C00A654EB}.Release|x86.ActiveCfg = Release|Any CPU
		{32E98ABD-8F6E-456D-A44E-1A298F67F4A3}.Debug|Any CPU.ActiveCfg = Debug|Any CPU
		{32E98ABD-8F6E-456D-A44E-1A298F67F4A3}.Debug|Any CPU.Build.0 = Debug|Any CPU
		{32E98ABD-8F6E-456D-A44E-1A298F67F4A3}.Debug|Any CPU.Deploy.0 = Debug|Any CPU
		{32E98ABD-8F6E-456D-A44E-1A298F67F4A3}.Debug|ARM.ActiveCfg = Debug|ARM
		{32E98ABD-8F6E-456D-A44E-1A298F67F4A3}.Debug|ARM.Build.0 = Debug|ARM
		{32E98ABD-8F6E-456D-A44E-1A298F67F4A3}.Debug|ARM.Deploy.0 = Debug|ARM
		{32E98ABD-8F6E-456D-A44E-1A298F67F4A3}.Debug|x64.ActiveCfg = Debug|Any CPU
		{32E98ABD-8F6E-456D-A44E-1A298F67F4A3}.Debug|x86.ActiveCfg = Debug|x86
		{32E98ABD-8F6E-456D-A44E-1A298F67F4A3}.Debug|x86.Build.0 = Debug|x86
		{32E98ABD-8F6E-456D-A44E-1A298F67F4A3}.Debug|x86.Deploy.0 = Debug|x86
		{32E98ABD-8F6E-456D-A44E-1A298F67F4A3}.Release|Any CPU.ActiveCfg = Release|Any CPU
		{32E98ABD-8F6E-456D-A44E-1A298F67F4A3}.Release|Any CPU.Build.0 = Release|Any CPU
		{32E98ABD-8F6E-456D-A44E-1A298F67F4A3}.Release|Any CPU.Deploy.0 = Release|Any CPU
		{32E98ABD-8F6E-456D-A44E-1A298F67F4A3}.Release|ARM.ActiveCfg = Release|ARM
		{32E98ABD-8F6E-456D-A44E-1A298F67F4A3}.Release|ARM.Build.0 = Release|ARM
		{32E98ABD-8F6E-456D-A44E-1A298F67F4A3}.Release|ARM.Deploy.0 = Release|ARM
		{32E98ABD-8F6E-456D-A44E-1A298F67F4A3}.Release|x64.ActiveCfg = Release|Any CPU
		{32E98ABD-8F6E-456D-A44E-1A298F67F4A3}.Release|x86.ActiveCfg = Release|x86
		{32E98ABD-8F6E-456D-A44E-1A298F67F4A3}.Release|x86.Build.0 = Release|x86
		{32E98ABD-8F6E-456D-A44E-1A298F67F4A3}.Release|x86.Deploy.0 = Release|x86
		{03F1A598-974E-412E-A98F-76EF76996B00}.Debug|Any CPU.ActiveCfg = Debug|Any CPU
		{03F1A598-974E-412E-A98F-76EF76996B00}.Debug|Any CPU.Build.0 = Debug|Any CPU
		{03F1A598-974E-412E-A98F-76EF76996B00}.Debug|Any CPU.Deploy.0 = Debug|Any CPU
		{03F1A598-974E-412E-A98F-76EF76996B00}.Debug|ARM.ActiveCfg = Debug|ARM
		{03F1A598-974E-412E-A98F-76EF76996B00}.Debug|ARM.Build.0 = Debug|ARM
		{03F1A598-974E-412E-A98F-76EF76996B00}.Debug|ARM.Deploy.0 = Debug|ARM
		{03F1A598-974E-412E-A98F-76EF76996B00}.Debug|x64.ActiveCfg = Debug|x64
		{03F1A598-974E-412E-A98F-76EF76996B00}.Debug|x64.Build.0 = Debug|x64
		{03F1A598-974E-412E-A98F-76EF76996B00}.Debug|x64.Deploy.0 = Debug|x64
		{03F1A598-974E-412E-A98F-76EF76996B00}.Debug|x86.ActiveCfg = Debug|x86
		{03F1A598-974E-412E-A98F-76EF76996B00}.Debug|x86.Build.0 = Debug|x86
		{03F1A598-974E-412E-A98F-76EF76996B00}.Debug|x86.Deploy.0 = Debug|x86
		{03F1A598-974E-412E-A98F-76EF76996B00}.Release|Any CPU.ActiveCfg = Release|Any CPU
		{03F1A598-974E-412E-A98F-76EF76996B00}.Release|Any CPU.Build.0 = Release|Any CPU
		{03F1A598-974E-412E-A98F-76EF76996B00}.Release|Any CPU.Deploy.0 = Release|Any CPU
		{03F1A598-974E-412E-A98F-76EF76996B00}.Release|ARM.ActiveCfg = Release|ARM
		{03F1A598-974E-412E-A98F-76EF76996B00}.Release|ARM.Build.0 = Release|ARM
		{03F1A598-974E-412E-A98F-76EF76996B00}.Release|ARM.Deploy.0 = Release|ARM
		{03F1A598-974E-412E-A98F-76EF76996B00}.Release|x64.ActiveCfg = Release|x64
		{03F1A598-974E-412E-A98F-76EF76996B00}.Release|x64.Build.0 = Release|x64
		{03F1A598-974E-412E-A98F-76EF76996B00}.Release|x64.Deploy.0 = Release|x64
		{03F1A598-974E-412E-A98F-76EF76996B00}.Release|x86.ActiveCfg = Release|x86
		{03F1A598-974E-412E-A98F-76EF76996B00}.Release|x86.Build.0 = Release|x86
		{03F1A598-974E-412E-A98F-76EF76996B00}.Release|x86.Deploy.0 = Release|x86
		{43B3C7F4-A658-4692-B1D1-DFD0D0051FA8}.Debug|Any CPU.ActiveCfg = Debug|Any CPU
		{43B3C7F4-A658-4692-B1D1-DFD0D0051FA8}.Debug|Any CPU.Build.0 = Debug|Any CPU
		{43B3C7F4-A658-4692-B1D1-DFD0D0051FA8}.Debug|Any CPU.Deploy.0 = Debug|Any CPU
		{43B3C7F4-A658-4692-B1D1-DFD0D0051FA8}.Debug|ARM.ActiveCfg = Debug|Any CPU
		{43B3C7F4-A658-4692-B1D1-DFD0D0051FA8}.Debug|x64.ActiveCfg = Debug|Any CPU
		{43B3C7F4-A658-4692-B1D1-DFD0D0051FA8}.Debug|x86.ActiveCfg = Debug|Any CPU
		{43B3C7F4-A658-4692-B1D1-DFD0D0051FA8}.Release|Any CPU.ActiveCfg = Release|Any CPU
		{43B3C7F4-A658-4692-B1D1-DFD0D0051FA8}.Release|Any CPU.Build.0 = Release|Any CPU
		{43B3C7F4-A658-4692-B1D1-DFD0D0051FA8}.Release|Any CPU.Deploy.0 = Release|Any CPU
		{43B3C7F4-A658-4692-B1D1-DFD0D0051FA8}.Release|ARM.ActiveCfg = Release|Any CPU
		{43B3C7F4-A658-4692-B1D1-DFD0D0051FA8}.Release|x64.ActiveCfg = Release|Any CPU
		{43B3C7F4-A658-4692-B1D1-DFD0D0051FA8}.Release|x86.ActiveCfg = Release|Any CPU
	EndGlobalSection
	GlobalSection(SolutionProperties) = preSolution
		HideSolutionNode = FALSE
	EndGlobalSection
	GlobalSection(NestedProjects) = preSolution
		{38F9AFE2-6A51-4CB9-96FF-9D5ACFF83D44} = {1497EA35-5CCF-4699-BB62-72AD3C1E4E14}
		{0A18A60F-661F-435C-B056-042C00A654EB} = {1497EA35-5CCF-4699-BB62-72AD3C1E4E14}
	EndGlobalSection
EndGlobal
