
Microsoft Visual Studio Solution File, Format Version 12.00
# Visual Studio 2013
VisualStudioVersion = 12.0.30110.0
MinimumVisualStudioVersion = 10.0.40219.1
Project("{FAE04EC0-301F-11D3-BF4B-00C04F79EFBC}") = "StirTrekConf.PortableCore.Tests", "StirTrekConf.Core.Tests\StirTrekConf.PortableCore.Tests.csproj", "{0A18A60F-661F-435C-B056-042C00A654EB}"
EndProject
Project("{FAE04EC0-301F-11D3-BF4B-00C04F79EFBC}") = "StirTrekConf.Win", "StirTrekConf.Win\StirTrekConf.Win.csproj", "{03F1A598-974E-412E-A98F-76EF76996B00}"
EndProject
Project("{FAE04EC0-301F-11D3-BF4B-00C04F79EFBC}") = "StirTrekConf.Android", "StirTrekConf.Android\StirTrekConf.Android.csproj", "{43B3C7F4-A658-4692-B1D1-DFD0D0051FA8}"
EndProject
Project("{2150E333-8FDC-42A3-9474-1A3956D46DE8}") = "CoreLogic", "CoreLogic", "{1497EA35-5CCF-4699-BB62-72AD3C1E4E14}"
EndProject
Project("{FAE04EC0-301F-11D3-BF4B-00C04F79EFBC}") = "StirTrekConf.PortableCore", "StirTrekConf.PortableCore\StirTrekConf.PortableCore.csproj", "{A36259B2-3581-49B6-A5B9-F63869BFA79E}"
EndProject
Project("{FAE04EC0-301F-11D3-BF4B-00C04F79EFBC}") = "StirTrekConf.WinPhone", "StirTrekConf.WinPhone\StirTrekConf.WinPhone.csproj", "{D9233DD3-711E-4C53-834D-AFBCE831140D}"
EndProject
Project("{FAE04EC0-301F-11D3-BF4B-00C04F79EFBC}") = "StirTrekConf.iOS", "StirTrekConf.iOS\StirTrekConf.iOS.csproj", "{85B7446E-8D21-4762-ADB1-27C662B469E6}"
EndProject
Global
	GlobalSection(SolutionConfigurationPlatforms) = preSolution
		Ad-Hoc|Any CPU = Ad-Hoc|Any CPU
		Ad-Hoc|ARM = Ad-Hoc|ARM
		Ad-Hoc|iPhone = Ad-Hoc|iPhone
		Ad-Hoc|iPhoneSimulator = Ad-Hoc|iPhoneSimulator
		Ad-Hoc|Mixed Platforms = Ad-Hoc|Mixed Platforms
		Ad-Hoc|x64 = Ad-Hoc|x64
		Ad-Hoc|x86 = Ad-Hoc|x86
		AppStore|Any CPU = AppStore|Any CPU
		AppStore|ARM = AppStore|ARM
		AppStore|iPhone = AppStore|iPhone
		AppStore|iPhoneSimulator = AppStore|iPhoneSimulator
		AppStore|Mixed Platforms = AppStore|Mixed Platforms
		AppStore|x64 = AppStore|x64
		AppStore|x86 = AppStore|x86
		Debug|Any CPU = Debug|Any CPU
		Debug|ARM = Debug|ARM
		Debug|iPhone = Debug|iPhone
		Debug|iPhoneSimulator = Debug|iPhoneSimulator
		Debug|Mixed Platforms = Debug|Mixed Platforms
		Debug|x64 = Debug|x64
		Debug|x86 = Debug|x86
		Release|Any CPU = Release|Any CPU
		Release|ARM = Release|ARM
		Release|iPhone = Release|iPhone
		Release|iPhoneSimulator = Release|iPhoneSimulator
		Release|Mixed Platforms = Release|Mixed Platforms
		Release|x64 = Release|x64
		Release|x86 = Release|x86
	EndGlobalSection
	GlobalSection(ProjectConfigurationPlatforms) = postSolution
		{0A18A60F-661F-435C-B056-042C00A654EB}.Ad-Hoc|Any CPU.ActiveCfg = Release|Any CPU
		{0A18A60F-661F-435C-B056-042C00A654EB}.Ad-Hoc|Any CPU.Build.0 = Release|Any CPU
		{0A18A60F-661F-435C-B056-042C00A654EB}.Ad-Hoc|ARM.ActiveCfg = Release|Any CPU
		{0A18A60F-661F-435C-B056-042C00A654EB}.Ad-Hoc|iPhone.ActiveCfg = Release|Any CPU
		{0A18A60F-661F-435C-B056-042C00A654EB}.Ad-Hoc|iPhoneSimulator.ActiveCfg = Release|Any CPU
		{0A18A60F-661F-435C-B056-042C00A654EB}.Ad-Hoc|Mixed Platforms.ActiveCfg = Release|Any CPU
		{0A18A60F-661F-435C-B056-042C00A654EB}.Ad-Hoc|Mixed Platforms.Build.0 = Release|Any CPU
		{0A18A60F-661F-435C-B056-042C00A654EB}.Ad-Hoc|x64.ActiveCfg = Release|Any CPU
		{0A18A60F-661F-435C-B056-042C00A654EB}.Ad-Hoc|x86.ActiveCfg = Release|Any CPU
		{0A18A60F-661F-435C-B056-042C00A654EB}.AppStore|Any CPU.ActiveCfg = Release|Any CPU
		{0A18A60F-661F-435C-B056-042C00A654EB}.AppStore|Any CPU.Build.0 = Release|Any CPU
		{0A18A60F-661F-435C-B056-042C00A654EB}.AppStore|ARM.ActiveCfg = Release|Any CPU
		{0A18A60F-661F-435C-B056-042C00A654EB}.AppStore|iPhone.ActiveCfg = Release|Any CPU
		{0A18A60F-661F-435C-B056-042C00A654EB}.AppStore|iPhoneSimulator.ActiveCfg = Release|Any CPU
		{0A18A60F-661F-435C-B056-042C00A654EB}.AppStore|Mixed Platforms.ActiveCfg = Release|Any CPU
		{0A18A60F-661F-435C-B056-042C00A654EB}.AppStore|Mixed Platforms.Build.0 = Release|Any CPU
		{0A18A60F-661F-435C-B056-042C00A654EB}.AppStore|x64.ActiveCfg = Release|Any CPU
		{0A18A60F-661F-435C-B056-042C00A654EB}.AppStore|x86.ActiveCfg = Release|Any CPU
		{0A18A60F-661F-435C-B056-042C00A654EB}.Debug|Any CPU.ActiveCfg = Debug|Any CPU
		{0A18A60F-661F-435C-B056-042C00A654EB}.Debug|Any CPU.Build.0 = Debug|Any CPU
		{0A18A60F-661F-435C-B056-042C00A654EB}.Debug|ARM.ActiveCfg = Debug|Any CPU
		{0A18A60F-661F-435C-B056-042C00A654EB}.Debug|iPhone.ActiveCfg = Debug|Any CPU
		{0A18A60F-661F-435C-B056-042C00A654EB}.Debug|iPhoneSimulator.ActiveCfg = Debug|Any CPU
		{0A18A60F-661F-435C-B056-042C00A654EB}.Debug|Mixed Platforms.ActiveCfg = Debug|Any CPU
		{0A18A60F-661F-435C-B056-042C00A654EB}.Debug|Mixed Platforms.Build.0 = Debug|Any CPU
		{0A18A60F-661F-435C-B056-042C00A654EB}.Debug|x64.ActiveCfg = Debug|Any CPU
		{0A18A60F-661F-435C-B056-042C00A654EB}.Debug|x86.ActiveCfg = Debug|Any CPU
		{0A18A60F-661F-435C-B056-042C00A654EB}.Release|Any CPU.ActiveCfg = Release|Any CPU
		{0A18A60F-661F-435C-B056-042C00A654EB}.Release|Any CPU.Build.0 = Release|Any CPU
		{0A18A60F-661F-435C-B056-042C00A654EB}.Release|ARM.ActiveCfg = Release|Any CPU
		{0A18A60F-661F-435C-B056-042C00A654EB}.Release|iPhone.ActiveCfg = Release|Any CPU
		{0A18A60F-661F-435C-B056-042C00A654EB}.Release|iPhoneSimulator.ActiveCfg = Release|Any CPU
		{0A18A60F-661F-435C-B056-042C00A654EB}.Release|Mixed Platforms.ActiveCfg = Release|Any CPU
		{0A18A60F-661F-435C-B056-042C00A654EB}.Release|Mixed Platforms.Build.0 = Release|Any CPU
		{0A18A60F-661F-435C-B056-042C00A654EB}.Release|x64.ActiveCfg = Release|Any CPU
		{0A18A60F-661F-435C-B056-042C00A654EB}.Release|x86.ActiveCfg = Release|Any CPU
		{03F1A598-974E-412E-A98F-76EF76996B00}.Ad-Hoc|Any CPU.ActiveCfg = Release|Any CPU
		{03F1A598-974E-412E-A98F-76EF76996B00}.Ad-Hoc|Any CPU.Build.0 = Release|Any CPU
		{03F1A598-974E-412E-A98F-76EF76996B00}.Ad-Hoc|Any CPU.Deploy.0 = Release|Any CPU
		{03F1A598-974E-412E-A98F-76EF76996B00}.Ad-Hoc|ARM.ActiveCfg = Release|ARM
		{03F1A598-974E-412E-A98F-76EF76996B00}.Ad-Hoc|ARM.Build.0 = Release|ARM
		{03F1A598-974E-412E-A98F-76EF76996B00}.Ad-Hoc|ARM.Deploy.0 = Release|ARM
		{03F1A598-974E-412E-A98F-76EF76996B00}.Ad-Hoc|iPhone.ActiveCfg = Release|Any CPU
		{03F1A598-974E-412E-A98F-76EF76996B00}.Ad-Hoc|iPhoneSimulator.ActiveCfg = Release|Any CPU
		{03F1A598-974E-412E-A98F-76EF76996B00}.Ad-Hoc|Mixed Platforms.ActiveCfg = Release|x86
		{03F1A598-974E-412E-A98F-76EF76996B00}.Ad-Hoc|Mixed Platforms.Build.0 = Release|x86
		{03F1A598-974E-412E-A98F-76EF76996B00}.Ad-Hoc|Mixed Platforms.Deploy.0 = Release|x86
		{03F1A598-974E-412E-A98F-76EF76996B00}.Ad-Hoc|x64.ActiveCfg = Release|x64
		{03F1A598-974E-412E-A98F-76EF76996B00}.Ad-Hoc|x64.Build.0 = Release|x64
		{03F1A598-974E-412E-A98F-76EF76996B00}.Ad-Hoc|x64.Deploy.0 = Release|x64
		{03F1A598-974E-412E-A98F-76EF76996B00}.Ad-Hoc|x86.ActiveCfg = Release|x86
		{03F1A598-974E-412E-A98F-76EF76996B00}.Ad-Hoc|x86.Build.0 = Release|x86
		{03F1A598-974E-412E-A98F-76EF76996B00}.Ad-Hoc|x86.Deploy.0 = Release|x86
		{03F1A598-974E-412E-A98F-76EF76996B00}.AppStore|Any CPU.ActiveCfg = Release|Any CPU
		{03F1A598-974E-412E-A98F-76EF76996B00}.AppStore|Any CPU.Build.0 = Release|Any CPU
		{03F1A598-974E-412E-A98F-76EF76996B00}.AppStore|Any CPU.Deploy.0 = Release|Any CPU
		{03F1A598-974E-412E-A98F-76EF76996B00}.AppStore|ARM.ActiveCfg = Release|ARM
		{03F1A598-974E-412E-A98F-76EF76996B00}.AppStore|ARM.Build.0 = Release|ARM
		{03F1A598-974E-412E-A98F-76EF76996B00}.AppStore|ARM.Deploy.0 = Release|ARM
		{03F1A598-974E-412E-A98F-76EF76996B00}.AppStore|iPhone.ActiveCfg = Release|Any CPU
		{03F1A598-974E-412E-A98F-76EF76996B00}.AppStore|iPhoneSimulator.ActiveCfg = Release|Any CPU
		{03F1A598-974E-412E-A98F-76EF76996B00}.AppStore|Mixed Platforms.ActiveCfg = Release|x86
		{03F1A598-974E-412E-A98F-76EF76996B00}.AppStore|Mixed Platforms.Build.0 = Release|x86
		{03F1A598-974E-412E-A98F-76EF76996B00}.AppStore|Mixed Platforms.Deploy.0 = Release|x86
		{03F1A598-974E-412E-A98F-76EF76996B00}.AppStore|x64.ActiveCfg = Release|x64
		{03F1A598-974E-412E-A98F-76EF76996B00}.AppStore|x64.Build.0 = Release|x64
		{03F1A598-974E-412E-A98F-76EF76996B00}.AppStore|x64.Deploy.0 = Release|x64
		{03F1A598-974E-412E-A98F-76EF76996B00}.AppStore|x86.ActiveCfg = Release|x86
		{03F1A598-974E-412E-A98F-76EF76996B00}.AppStore|x86.Build.0 = Release|x86
		{03F1A598-974E-412E-A98F-76EF76996B00}.AppStore|x86.Deploy.0 = Release|x86
		{03F1A598-974E-412E-A98F-76EF76996B00}.Debug|Any CPU.ActiveCfg = Debug|Any CPU
		{03F1A598-974E-412E-A98F-76EF76996B00}.Debug|Any CPU.Build.0 = Debug|Any CPU
		{03F1A598-974E-412E-A98F-76EF76996B00}.Debug|Any CPU.Deploy.0 = Debug|Any CPU
		{03F1A598-974E-412E-A98F-76EF76996B00}.Debug|ARM.ActiveCfg = Debug|ARM
		{03F1A598-974E-412E-A98F-76EF76996B00}.Debug|ARM.Build.0 = Debug|ARM
		{03F1A598-974E-412E-A98F-76EF76996B00}.Debug|ARM.Deploy.0 = Debug|ARM
		{03F1A598-974E-412E-A98F-76EF76996B00}.Debug|iPhone.ActiveCfg = Debug|Any CPU
		{03F1A598-974E-412E-A98F-76EF76996B00}.Debug|iPhoneSimulator.ActiveCfg = Debug|Any CPU
		{03F1A598-974E-412E-A98F-76EF76996B00}.Debug|Mixed Platforms.ActiveCfg = Debug|x86
		{03F1A598-974E-412E-A98F-76EF76996B00}.Debug|Mixed Platforms.Build.0 = Debug|x86
		{03F1A598-974E-412E-A98F-76EF76996B00}.Debug|Mixed Platforms.Deploy.0 = Debug|x86
		{03F1A598-974E-412E-A98F-76EF76996B00}.Debug|x64.ActiveCfg = Debug|x64
		{03F1A598-974E-412E-A98F-76EF76996B00}.Debug|x64.Build.0 = Debug|x64
		{03F1A598-974E-412E-A98F-76EF76996B00}.Debug|x64.Deploy.0 = Debug|x64
		{03F1A598-974E-412E-A98F-76EF76996B00}.Debug|x86.ActiveCfg = Debug|x86
		{03F1A598-974E-412E-A98F-76EF76996B00}.Debug|x86.Build.0 = Debug|x86
		{03F1A598-974E-412E-A98F-76EF76996B00}.Debug|x86.Deploy.0 = Debug|x86
		{03F1A598-974E-412E-A98F-76EF76996B00}.Release|Any CPU.ActiveCfg = Release|Any CPU
		{03F1A598-974E-412E-A98F-76EF76996B00}.Release|Any CPU.Build.0 = Release|Any CPU
		{03F1A598-974E-412E-A98F-76EF76996B00}.Release|Any CPU.Deploy.0 = Release|Any CPU
		{03F1A598-974E-412E-A98F-76EF76996B00}.Release|ARM.ActiveCfg = Release|ARM
		{03F1A598-974E-412E-A98F-76EF76996B00}.Release|ARM.Build.0 = Release|ARM
		{03F1A598-974E-412E-A98F-76EF76996B00}.Release|ARM.Deploy.0 = Release|ARM
		{03F1A598-974E-412E-A98F-76EF76996B00}.Release|iPhone.ActiveCfg = Release|Any CPU
		{03F1A598-974E-412E-A98F-76EF76996B00}.Release|iPhoneSimulator.ActiveCfg = Release|Any CPU
		{03F1A598-974E-412E-A98F-76EF76996B00}.Release|Mixed Platforms.ActiveCfg = Release|x86
		{03F1A598-974E-412E-A98F-76EF76996B00}.Release|Mixed Platforms.Build.0 = Release|x86
		{03F1A598-974E-412E-A98F-76EF76996B00}.Release|Mixed Platforms.Deploy.0 = Release|x86
		{03F1A598-974E-412E-A98F-76EF76996B00}.Release|x64.ActiveCfg = Release|x64
		{03F1A598-974E-412E-A98F-76EF76996B00}.Release|x64.Build.0 = Release|x64
		{03F1A598-974E-412E-A98F-76EF76996B00}.Release|x64.Deploy.0 = Release|x64
		{03F1A598-974E-412E-A98F-76EF76996B00}.Release|x86.ActiveCfg = Release|x86
		{03F1A598-974E-412E-A98F-76EF76996B00}.Release|x86.Build.0 = Release|x86
		{03F1A598-974E-412E-A98F-76EF76996B00}.Release|x86.Deploy.0 = Release|x86
		{43B3C7F4-A658-4692-B1D1-DFD0D0051FA8}.Ad-Hoc|Any CPU.ActiveCfg = Release|Any CPU
		{43B3C7F4-A658-4692-B1D1-DFD0D0051FA8}.Ad-Hoc|Any CPU.Build.0 = Release|Any CPU
		{43B3C7F4-A658-4692-B1D1-DFD0D0051FA8}.Ad-Hoc|Any CPU.Deploy.0 = Release|Any CPU
		{43B3C7F4-A658-4692-B1D1-DFD0D0051FA8}.Ad-Hoc|ARM.ActiveCfg = Release|Any CPU
		{43B3C7F4-A658-4692-B1D1-DFD0D0051FA8}.Ad-Hoc|iPhone.ActiveCfg = Release|Any CPU
		{43B3C7F4-A658-4692-B1D1-DFD0D0051FA8}.Ad-Hoc|iPhoneSimulator.ActiveCfg = Release|Any CPU
		{43B3C7F4-A658-4692-B1D1-DFD0D0051FA8}.Ad-Hoc|Mixed Platforms.ActiveCfg = Release|Any CPU
		{43B3C7F4-A658-4692-B1D1-DFD0D0051FA8}.Ad-Hoc|Mixed Platforms.Build.0 = Release|Any CPU
		{43B3C7F4-A658-4692-B1D1-DFD0D0051FA8}.Ad-Hoc|Mixed Platforms.Deploy.0 = Release|Any CPU
		{43B3C7F4-A658-4692-B1D1-DFD0D0051FA8}.Ad-Hoc|x64.ActiveCfg = Release|Any CPU
		{43B3C7F4-A658-4692-B1D1-DFD0D0051FA8}.Ad-Hoc|x86.ActiveCfg = Release|Any CPU
		{43B3C7F4-A658-4692-B1D1-DFD0D0051FA8}.AppStore|Any CPU.ActiveCfg = Release|Any CPU
		{43B3C7F4-A658-4692-B1D1-DFD0D0051FA8}.AppStore|Any CPU.Build.0 = Release|Any CPU
		{43B3C7F4-A658-4692-B1D1-DFD0D0051FA8}.AppStore|Any CPU.Deploy.0 = Release|Any CPU
		{43B3C7F4-A658-4692-B1D1-DFD0D0051FA8}.AppStore|ARM.ActiveCfg = Release|Any CPU
		{43B3C7F4-A658-4692-B1D1-DFD0D0051FA8}.AppStore|iPhone.ActiveCfg = Release|Any CPU
		{43B3C7F4-A658-4692-B1D1-DFD0D0051FA8}.AppStore|iPhoneSimulator.ActiveCfg = Release|Any CPU
		{43B3C7F4-A658-4692-B1D1-DFD0D0051FA8}.AppStore|Mixed Platforms.ActiveCfg = Release|Any CPU
		{43B3C7F4-A658-4692-B1D1-DFD0D0051FA8}.AppStore|Mixed Platforms.Build.0 = Release|Any CPU
		{43B3C7F4-A658-4692-B1D1-DFD0D0051FA8}.AppStore|Mixed Platforms.Deploy.0 = Release|Any CPU
		{43B3C7F4-A658-4692-B1D1-DFD0D0051FA8}.AppStore|x64.ActiveCfg = Release|Any CPU
		{43B3C7F4-A658-4692-B1D1-DFD0D0051FA8}.AppStore|x86.ActiveCfg = Release|Any CPU
		{43B3C7F4-A658-4692-B1D1-DFD0D0051FA8}.Debug|Any CPU.ActiveCfg = Debug|Any CPU
		{43B3C7F4-A658-4692-B1D1-DFD0D0051FA8}.Debug|Any CPU.Build.0 = Debug|Any CPU
		{43B3C7F4-A658-4692-B1D1-DFD0D0051FA8}.Debug|Any CPU.Deploy.0 = Debug|Any CPU
		{43B3C7F4-A658-4692-B1D1-DFD0D0051FA8}.Debug|ARM.ActiveCfg = Debug|Any CPU
		{43B3C7F4-A658-4692-B1D1-DFD0D0051FA8}.Debug|iPhone.ActiveCfg = Debug|Any CPU
		{43B3C7F4-A658-4692-B1D1-DFD0D0051FA8}.Debug|iPhoneSimulator.ActiveCfg = Debug|Any CPU
		{43B3C7F4-A658-4692-B1D1-DFD0D0051FA8}.Debug|Mixed Platforms.ActiveCfg = Debug|Any CPU
		{43B3C7F4-A658-4692-B1D1-DFD0D0051FA8}.Debug|Mixed Platforms.Build.0 = Debug|Any CPU
		{43B3C7F4-A658-4692-B1D1-DFD0D0051FA8}.Debug|Mixed Platforms.Deploy.0 = Debug|Any CPU
		{43B3C7F4-A658-4692-B1D1-DFD0D0051FA8}.Debug|x64.ActiveCfg = Debug|Any CPU
		{43B3C7F4-A658-4692-B1D1-DFD0D0051FA8}.Debug|x86.ActiveCfg = Debug|Any CPU
		{43B3C7F4-A658-4692-B1D1-DFD0D0051FA8}.Release|Any CPU.ActiveCfg = Release|Any CPU
		{43B3C7F4-A658-4692-B1D1-DFD0D0051FA8}.Release|Any CPU.Build.0 = Release|Any CPU
		{43B3C7F4-A658-4692-B1D1-DFD0D0051FA8}.Release|Any CPU.Deploy.0 = Release|Any CPU
		{43B3C7F4-A658-4692-B1D1-DFD0D0051FA8}.Release|ARM.ActiveCfg = Release|Any CPU
		{43B3C7F4-A658-4692-B1D1-DFD0D0051FA8}.Release|iPhone.ActiveCfg = Release|Any CPU
		{43B3C7F4-A658-4692-B1D1-DFD0D0051FA8}.Release|iPhoneSimulator.ActiveCfg = Release|Any CPU
		{43B3C7F4-A658-4692-B1D1-DFD0D0051FA8}.Release|Mixed Platforms.ActiveCfg = Release|Any CPU
		{43B3C7F4-A658-4692-B1D1-DFD0D0051FA8}.Release|Mixed Platforms.Build.0 = Release|Any CPU
		{43B3C7F4-A658-4692-B1D1-DFD0D0051FA8}.Release|Mixed Platforms.Deploy.0 = Release|Any CPU
		{43B3C7F4-A658-4692-B1D1-DFD0D0051FA8}.Release|x64.ActiveCfg = Release|Any CPU
		{43B3C7F4-A658-4692-B1D1-DFD0D0051FA8}.Release|x86.ActiveCfg = Release|Any CPU
		{A36259B2-3581-49B6-A5B9-F63869BFA79E}.Ad-Hoc|Any CPU.ActiveCfg = Release|Any CPU
		{A36259B2-3581-49B6-A5B9-F63869BFA79E}.Ad-Hoc|Any CPU.Build.0 = Release|Any CPU
		{A36259B2-3581-49B6-A5B9-F63869BFA79E}.Ad-Hoc|ARM.ActiveCfg = Release|Any CPU
		{A36259B2-3581-49B6-A5B9-F63869BFA79E}.Ad-Hoc|iPhone.ActiveCfg = Release|Any CPU
		{A36259B2-3581-49B6-A5B9-F63869BFA79E}.Ad-Hoc|iPhoneSimulator.ActiveCfg = Release|Any CPU
		{A36259B2-3581-49B6-A5B9-F63869BFA79E}.Ad-Hoc|Mixed Platforms.ActiveCfg = Release|Any CPU
		{A36259B2-3581-49B6-A5B9-F63869BFA79E}.Ad-Hoc|Mixed Platforms.Build.0 = Release|Any CPU
		{A36259B2-3581-49B6-A5B9-F63869BFA79E}.Ad-Hoc|x64.ActiveCfg = Release|Any CPU
		{A36259B2-3581-49B6-A5B9-F63869BFA79E}.Ad-Hoc|x86.ActiveCfg = Release|Any CPU
		{A36259B2-3581-49B6-A5B9-F63869BFA79E}.AppStore|Any CPU.ActiveCfg = Release|Any CPU
		{A36259B2-3581-49B6-A5B9-F63869BFA79E}.AppStore|Any CPU.Build.0 = Release|Any CPU
		{A36259B2-3581-49B6-A5B9-F63869BFA79E}.AppStore|ARM.ActiveCfg = Release|Any CPU
		{A36259B2-3581-49B6-A5B9-F63869BFA79E}.AppStore|iPhone.ActiveCfg = Release|Any CPU
		{A36259B2-3581-49B6-A5B9-F63869BFA79E}.AppStore|iPhoneSimulator.ActiveCfg = Release|Any CPU
		{A36259B2-3581-49B6-A5B9-F63869BFA79E}.AppStore|Mixed Platforms.ActiveCfg = Release|Any CPU
		{A36259B2-3581-49B6-A5B9-F63869BFA79E}.AppStore|Mixed Platforms.Build.0 = Release|Any CPU
		{A36259B2-3581-49B6-A5B9-F63869BFA79E}.AppStore|x64.ActiveCfg = Release|Any CPU
		{A36259B2-3581-49B6-A5B9-F63869BFA79E}.AppStore|x86.ActiveCfg = Release|Any CPU
		{A36259B2-3581-49B6-A5B9-F63869BFA79E}.Debug|Any CPU.ActiveCfg = Debug|Any CPU
		{A36259B2-3581-49B6-A5B9-F63869BFA79E}.Debug|Any CPU.Build.0 = Debug|Any CPU
		{A36259B2-3581-49B6-A5B9-F63869BFA79E}.Debug|ARM.ActiveCfg = Debug|Any CPU
		{A36259B2-3581-49B6-A5B9-F63869BFA79E}.Debug|iPhone.ActiveCfg = Debug|Any CPU
		{A36259B2-3581-49B6-A5B9-F63869BFA79E}.Debug|iPhoneSimulator.ActiveCfg = Debug|Any CPU
		{A36259B2-3581-49B6-A5B9-F63869BFA79E}.Debug|Mixed Platforms.ActiveCfg = Debug|Any CPU
		{A36259B2-3581-49B6-A5B9-F63869BFA79E}.Debug|Mixed Platforms.Build.0 = Debug|Any CPU
		{A36259B2-3581-49B6-A5B9-F63869BFA79E}.Debug|x64.ActiveCfg = Debug|Any CPU
		{A36259B2-3581-49B6-A5B9-F63869BFA79E}.Debug|x86.ActiveCfg = Debug|Any CPU
		{A36259B2-3581-49B6-A5B9-F63869BFA79E}.Release|Any CPU.ActiveCfg = Release|Any CPU
		{A36259B2-3581-49B6-A5B9-F63869BFA79E}.Release|Any CPU.Build.0 = Release|Any CPU
		{A36259B2-3581-49B6-A5B9-F63869BFA79E}.Release|ARM.ActiveCfg = Release|Any CPU
		{A36259B2-3581-49B6-A5B9-F63869BFA79E}.Release|iPhone.ActiveCfg = Release|Any CPU
		{A36259B2-3581-49B6-A5B9-F63869BFA79E}.Release|iPhoneSimulator.ActiveCfg = Release|Any CPU
		{A36259B2-3581-49B6-A5B9-F63869BFA79E}.Release|Mixed Platforms.ActiveCfg = Release|Any CPU
		{A36259B2-3581-49B6-A5B9-F63869BFA79E}.Release|Mixed Platforms.Build.0 = Release|Any CPU
		{A36259B2-3581-49B6-A5B9-F63869BFA79E}.Release|x64.ActiveCfg = Release|Any CPU
		{A36259B2-3581-49B6-A5B9-F63869BFA79E}.Release|x86.ActiveCfg = Release|Any CPU
		{D9233DD3-711E-4C53-834D-AFBCE831140D}.Ad-Hoc|Any CPU.ActiveCfg = Release|Any CPU
		{D9233DD3-711E-4C53-834D-AFBCE831140D}.Ad-Hoc|Any CPU.Build.0 = Release|Any CPU
		{D9233DD3-711E-4C53-834D-AFBCE831140D}.Ad-Hoc|Any CPU.Deploy.0 = Release|Any CPU
		{D9233DD3-711E-4C53-834D-AFBCE831140D}.Ad-Hoc|ARM.ActiveCfg = Release|ARM
		{D9233DD3-711E-4C53-834D-AFBCE831140D}.Ad-Hoc|ARM.Build.0 = Release|ARM
		{D9233DD3-711E-4C53-834D-AFBCE831140D}.Ad-Hoc|ARM.Deploy.0 = Release|ARM
		{D9233DD3-711E-4C53-834D-AFBCE831140D}.Ad-Hoc|iPhone.ActiveCfg = Release|Any CPU
		{D9233DD3-711E-4C53-834D-AFBCE831140D}.Ad-Hoc|iPhoneSimulator.ActiveCfg = Release|Any CPU
		{D9233DD3-711E-4C53-834D-AFBCE831140D}.Ad-Hoc|Mixed Platforms.ActiveCfg = Release|x86
		{D9233DD3-711E-4C53-834D-AFBCE831140D}.Ad-Hoc|Mixed Platforms.Build.0 = Release|x86
		{D9233DD3-711E-4C53-834D-AFBCE831140D}.Ad-Hoc|Mixed Platforms.Deploy.0 = Release|x86
		{D9233DD3-711E-4C53-834D-AFBCE831140D}.Ad-Hoc|x64.ActiveCfg = Release|Any CPU
		{D9233DD3-711E-4C53-834D-AFBCE831140D}.Ad-Hoc|x86.ActiveCfg = Release|x86
		{D9233DD3-711E-4C53-834D-AFBCE831140D}.Ad-Hoc|x86.Build.0 = Release|x86
		{D9233DD3-711E-4C53-834D-AFBCE831140D}.Ad-Hoc|x86.Deploy.0 = Release|x86
		{D9233DD3-711E-4C53-834D-AFBCE831140D}.AppStore|Any CPU.ActiveCfg = Release|Any CPU
		{D9233DD3-711E-4C53-834D-AFBCE831140D}.AppStore|Any CPU.Build.0 = Release|Any CPU
		{D9233DD3-711E-4C53-834D-AFBCE831140D}.AppStore|Any CPU.Deploy.0 = Release|Any CPU
		{D9233DD3-711E-4C53-834D-AFBCE831140D}.AppStore|ARM.ActiveCfg = Release|ARM
		{D9233DD3-711E-4C53-834D-AFBCE831140D}.AppStore|ARM.Build.0 = Release|ARM
		{D9233DD3-711E-4C53-834D-AFBCE831140D}.AppStore|ARM.Deploy.0 = Release|ARM
		{D9233DD3-711E-4C53-834D-AFBCE831140D}.AppStore|iPhone.ActiveCfg = Release|Any CPU
		{D9233DD3-711E-4C53-834D-AFBCE831140D}.AppStore|iPhoneSimulator.ActiveCfg = Release|Any CPU
		{D9233DD3-711E-4C53-834D-AFBCE831140D}.AppStore|Mixed Platforms.ActiveCfg = Release|x86
		{D9233DD3-711E-4C53-834D-AFBCE831140D}.AppStore|Mixed Platforms.Build.0 = Release|x86
		{D9233DD3-711E-4C53-834D-AFBCE831140D}.AppStore|Mixed Platforms.Deploy.0 = Release|x86
		{D9233DD3-711E-4C53-834D-AFBCE831140D}.AppStore|x64.ActiveCfg = Release|Any CPU
		{D9233DD3-711E-4C53-834D-AFBCE831140D}.AppStore|x86.ActiveCfg = Release|x86
		{D9233DD3-711E-4C53-834D-AFBCE831140D}.AppStore|x86.Build.0 = Release|x86
		{D9233DD3-711E-4C53-834D-AFBCE831140D}.AppStore|x86.Deploy.0 = Release|x86
		{D9233DD3-711E-4C53-834D-AFBCE831140D}.Debug|Any CPU.ActiveCfg = Debug|Any CPU
		{D9233DD3-711E-4C53-834D-AFBCE831140D}.Debug|Any CPU.Build.0 = Debug|Any CPU
		{D9233DD3-711E-4C53-834D-AFBCE831140D}.Debug|Any CPU.Deploy.0 = Debug|Any CPU
		{D9233DD3-711E-4C53-834D-AFBCE831140D}.Debug|ARM.ActiveCfg = Debug|ARM
		{D9233DD3-711E-4C53-834D-AFBCE831140D}.Debug|ARM.Build.0 = Debug|ARM
		{D9233DD3-711E-4C53-834D-AFBCE831140D}.Debug|ARM.Deploy.0 = Debug|ARM
		{D9233DD3-711E-4C53-834D-AFBCE831140D}.Debug|iPhone.ActiveCfg = Debug|Any CPU
		{D9233DD3-711E-4C53-834D-AFBCE831140D}.Debug|iPhoneSimulator.ActiveCfg = Debug|Any CPU
		{D9233DD3-711E-4C53-834D-AFBCE831140D}.Debug|Mixed Platforms.ActiveCfg = Debug|x86
		{D9233DD3-711E-4C53-834D-AFBCE831140D}.Debug|Mixed Platforms.Build.0 = Debug|x86
		{D9233DD3-711E-4C53-834D-AFBCE831140D}.Debug|Mixed Platforms.Deploy.0 = Debug|x86
		{D9233DD3-711E-4C53-834D-AFBCE831140D}.Debug|x64.ActiveCfg = Debug|Any CPU
		{D9233DD3-711E-4C53-834D-AFBCE831140D}.Debug|x86.ActiveCfg = Debug|x86
		{D9233DD3-711E-4C53-834D-AFBCE831140D}.Debug|x86.Build.0 = Debug|x86
		{D9233DD3-711E-4C53-834D-AFBCE831140D}.Debug|x86.Deploy.0 = Debug|x86
		{D9233DD3-711E-4C53-834D-AFBCE831140D}.Release|Any CPU.ActiveCfg = Release|Any CPU
		{D9233DD3-711E-4C53-834D-AFBCE831140D}.Release|Any CPU.Build.0 = Release|Any CPU
		{D9233DD3-711E-4C53-834D-AFBCE831140D}.Release|Any CPU.Deploy.0 = Release|Any CPU
		{D9233DD3-711E-4C53-834D-AFBCE831140D}.Release|ARM.ActiveCfg = Release|ARM
		{D9233DD3-711E-4C53-834D-AFBCE831140D}.Release|ARM.Build.0 = Release|ARM
		{D9233DD3-711E-4C53-834D-AFBCE831140D}.Release|ARM.Deploy.0 = Release|ARM
		{D9233DD3-711E-4C53-834D-AFBCE831140D}.Release|iPhone.ActiveCfg = Release|Any CPU
		{D9233DD3-711E-4C53-834D-AFBCE831140D}.Release|iPhoneSimulator.ActiveCfg = Release|Any CPU
		{D9233DD3-711E-4C53-834D-AFBCE831140D}.Release|Mixed Platforms.ActiveCfg = Release|x86
		{D9233DD3-711E-4C53-834D-AFBCE831140D}.Release|Mixed Platforms.Build.0 = Release|x86
		{D9233DD3-711E-4C53-834D-AFBCE831140D}.Release|Mixed Platforms.Deploy.0 = Release|x86
		{D9233DD3-711E-4C53-834D-AFBCE831140D}.Release|x64.ActiveCfg = Release|Any CPU
		{D9233DD3-711E-4C53-834D-AFBCE831140D}.Release|x86.ActiveCfg = Release|x86
		{D9233DD3-711E-4C53-834D-AFBCE831140D}.Release|x86.Build.0 = Release|x86
		{D9233DD3-711E-4C53-834D-AFBCE831140D}.Release|x86.Deploy.0 = Release|x86
		{85B7446E-8D21-4762-ADB1-27C662B469E6}.Ad-Hoc|Any CPU.ActiveCfg = Ad-Hoc|iPhone
		{85B7446E-8D21-4762-ADB1-27C662B469E6}.Ad-Hoc|ARM.ActiveCfg = Ad-Hoc|iPhone
		{85B7446E-8D21-4762-ADB1-27C662B469E6}.Ad-Hoc|iPhone.ActiveCfg = Ad-Hoc|iPhone
		{85B7446E-8D21-4762-ADB1-27C662B469E6}.Ad-Hoc|iPhone.Build.0 = Ad-Hoc|iPhone
		{85B7446E-8D21-4762-ADB1-27C662B469E6}.Ad-Hoc|iPhone.Deploy.0 = Ad-Hoc|iPhone
		{85B7446E-8D21-4762-ADB1-27C662B469E6}.Ad-Hoc|iPhoneSimulator.ActiveCfg = Ad-Hoc|iPhoneSimulator
		{85B7446E-8D21-4762-ADB1-27C662B469E6}.Ad-Hoc|iPhoneSimulator.Build.0 = Ad-Hoc|iPhoneSimulator
		{85B7446E-8D21-4762-ADB1-27C662B469E6}.Ad-Hoc|iPhoneSimulator.Deploy.0 = Ad-Hoc|iPhoneSimulator
		{85B7446E-8D21-4762-ADB1-27C662B469E6}.Ad-Hoc|Mixed Platforms.ActiveCfg = Ad-Hoc|iPhone
		{85B7446E-8D21-4762-ADB1-27C662B469E6}.Ad-Hoc|Mixed Platforms.Build.0 = Ad-Hoc|iPhone
		{85B7446E-8D21-4762-ADB1-27C662B469E6}.Ad-Hoc|Mixed Platforms.Deploy.0 = Ad-Hoc|iPhone
		{85B7446E-8D21-4762-ADB1-27C662B469E6}.Ad-Hoc|x64.ActiveCfg = Ad-Hoc|iPhone
		{85B7446E-8D21-4762-ADB1-27C662B469E6}.Ad-Hoc|x86.ActiveCfg = Ad-Hoc|iPhone
		{85B7446E-8D21-4762-ADB1-27C662B469E6}.AppStore|Any CPU.ActiveCfg = AppStore|iPhone
		{85B7446E-8D21-4762-ADB1-27C662B469E6}.AppStore|ARM.ActiveCfg = AppStore|iPhone
		{85B7446E-8D21-4762-ADB1-27C662B469E6}.AppStore|iPhone.ActiveCfg = AppStore|iPhone
		{85B7446E-8D21-4762-ADB1-27C662B469E6}.AppStore|iPhone.Build.0 = AppStore|iPhone
		{85B7446E-8D21-4762-ADB1-27C662B469E6}.AppStore|iPhone.Deploy.0 = AppStore|iPhone
		{85B7446E-8D21-4762-ADB1-27C662B469E6}.AppStore|iPhoneSimulator.ActiveCfg = AppStore|iPhoneSimulator
		{85B7446E-8D21-4762-ADB1-27C662B469E6}.AppStore|iPhoneSimulator.Build.0 = AppStore|iPhoneSimulator
		{85B7446E-8D21-4762-ADB1-27C662B469E6}.AppStore|iPhoneSimulator.Deploy.0 = AppStore|iPhoneSimulator
		{85B7446E-8D21-4762-ADB1-27C662B469E6}.AppStore|Mixed Platforms.ActiveCfg = AppStore|iPhone
		{85B7446E-8D21-4762-ADB1-27C662B469E6}.AppStore|Mixed Platforms.Build.0 = AppStore|iPhone
		{85B7446E-8D21-4762-ADB1-27C662B469E6}.AppStore|Mixed Platforms.Deploy.0 = AppStore|iPhone
		{85B7446E-8D21-4762-ADB1-27C662B469E6}.AppStore|x64.ActiveCfg = AppStore|iPhone
		{85B7446E-8D21-4762-ADB1-27C662B469E6}.AppStore|x86.ActiveCfg = AppStore|iPhone
		{85B7446E-8D21-4762-ADB1-27C662B469E6}.Debug|Any CPU.ActiveCfg = Debug|iPhone
		{85B7446E-8D21-4762-ADB1-27C662B469E6}.Debug|ARM.ActiveCfg = Debug|iPhone
		{85B7446E-8D21-4762-ADB1-27C662B469E6}.Debug|iPhone.ActiveCfg = Debug|iPhone
		{85B7446E-8D21-4762-ADB1-27C662B469E6}.Debug|iPhone.Build.0 = Debug|iPhone
		{85B7446E-8D21-4762-ADB1-27C662B469E6}.Debug|iPhone.Deploy.0 = Debug|iPhone
		{85B7446E-8D21-4762-ADB1-27C662B469E6}.Debug|iPhoneSimulator.ActiveCfg = Debug|iPhoneSimulator
		{85B7446E-8D21-4762-ADB1-27C662B469E6}.Debug|iPhoneSimulator.Build.0 = Debug|iPhoneSimulator
		{85B7446E-8D21-4762-ADB1-27C662B469E6}.Debug|iPhoneSimulator.Deploy.0 = Debug|iPhoneSimulator
		{85B7446E-8D21-4762-ADB1-27C662B469E6}.Debug|Mixed Platforms.ActiveCfg = Debug|iPhone
		{85B7446E-8D21-4762-ADB1-27C662B469E6}.Debug|Mixed Platforms.Build.0 = Debug|iPhone
		{85B7446E-8D21-4762-ADB1-27C662B469E6}.Debug|Mixed Platforms.Deploy.0 = Debug|iPhone
		{85B7446E-8D21-4762-ADB1-27C662B469E6}.Debug|x64.ActiveCfg = Debug|iPhone
		{85B7446E-8D21-4762-ADB1-27C662B469E6}.Debug|x86.ActiveCfg = Debug|iPhone
		{85B7446E-8D21-4762-ADB1-27C662B469E6}.Release|Any CPU.ActiveCfg = Release|iPhone
		{85B7446E-8D21-4762-ADB1-27C662B469E6}.Release|ARM.ActiveCfg = Release|iPhone
		{85B7446E-8D21-4762-ADB1-27C662B469E6}.Release|iPhone.ActiveCfg = Release|iPhone
		{85B7446E-8D21-4762-ADB1-27C662B469E6}.Release|iPhone.Build.0 = Release|iPhone
		{85B7446E-8D21-4762-ADB1-27C662B469E6}.Release|iPhone.Deploy.0 = Release|iPhone
		{85B7446E-8D21-4762-ADB1-27C662B469E6}.Release|iPhoneSimulator.ActiveCfg = Release|iPhoneSimulator
		{85B7446E-8D21-4762-ADB1-27C662B469E6}.Release|iPhoneSimulator.Build.0 = Release|iPhoneSimulator
		{85B7446E-8D21-4762-ADB1-27C662B469E6}.Release|iPhoneSimulator.Deploy.0 = Release|iPhoneSimulator
		{85B7446E-8D21-4762-ADB1-27C662B469E6}.Release|Mixed Platforms.ActiveCfg = Release|iPhone
		{85B7446E-8D21-4762-ADB1-27C662B469E6}.Release|Mixed Platforms.Build.0 = Release|iPhone
		{85B7446E-8D21-4762-ADB1-27C662B469E6}.Release|Mixed Platforms.Deploy.0 = Release|iPhone
		{85B7446E-8D21-4762-ADB1-27C662B469E6}.Release|x64.ActiveCfg = Release|iPhone
		{85B7446E-8D21-4762-ADB1-27C662B469E6}.Release|x86.ActiveCfg = Release|iPhone
	EndGlobalSection
	GlobalSection(SolutionProperties) = preSolution
		HideSolutionNode = FALSE
	EndGlobalSection
	GlobalSection(NestedProjects) = preSolution
		{0A18A60F-661F-435C-B056-042C00A654EB} = {1497EA35-5CCF-4699-BB62-72AD3C1E4E14}
		{A36259B2-3581-49B6-A5B9-F63869BFA79E} = {1497EA35-5CCF-4699-BB62-72AD3C1E4E14}
	EndGlobalSection
EndGlobal
